
Microsoft Visual Studio Solution File, Format Version 12.00
# Visual Studio Version 16
VisualStudioVersion = 16.0.30011.22
MinimumVisualStudioVersion = 10.0.40219.1
Project("{9A19103F-16F7-4668-BE54-9A1E7A4F7556}") = "WpfAnimationThings", "WpfAnimationThings\WpfAnimationThings.csproj", "{200A15EE-63E5-41B4-8CA1-BED394D9A7DD}"
EndProject
Project("{9A19103F-16F7-4668-BE54-9A1E7A4F7556}") = "DataflowExtensions", "DataflowExtensions\DataflowExtensions.csproj", "{95B70AAB-FB0D-4802-A1A1-8BCFA559D06C}"
EndProject
Project("{9A19103F-16F7-4668-BE54-9A1E7A4F7556}") = "DataflowExtensions.Tests", "DataflowExtensions.Tests\DataflowExtensions.Tests.csproj", "{B84DE394-AC5E-4649-8FCF-EC4952BC5550}"
EndProject
Project("{FAE04EC0-301F-11D3-BF4B-00C04F79EFBC}") = "MVVM", "MVVM\MVVM.csproj", "{C38CBBAD-4B63-429C-A1AD-63DCE57911EE}"
EndProject
Project("{FAE04EC0-301F-11D3-BF4B-00C04F79EFBC}") = "Demo", "Demo\Demo.csproj", "{B2D25AA2-E1D6-42B3-9809-FDFB2B5BBF98}"
EndProject
Project("{FAE04EC0-301F-11D3-BF4B-00C04F79EFBC}") = "MVVM.Tests", "MVVM.Tests\MVVM.Tests.csproj", "{591540B6-CEBC-4D60-BA7C-D0B7F92A5320}"
EndProject
Global
	GlobalSection(SolutionConfigurationPlatforms) = preSolution
		Debug|Any CPU = Debug|Any CPU
		Release|Any CPU = Release|Any CPU
	EndGlobalSection
	GlobalSection(ProjectConfigurationPlatforms) = postSolution
		{200A15EE-63E5-41B4-8CA1-BED394D9A7DD}.Debug|Any CPU.ActiveCfg = Debug|Any CPU
		{200A15EE-63E5-41B4-8CA1-BED394D9A7DD}.Debug|Any CPU.Build.0 = Debug|Any CPU
		{200A15EE-63E5-41B4-8CA1-BED394D9A7DD}.Release|Any CPU.ActiveCfg = Release|Any CPU
		{200A15EE-63E5-41B4-8CA1-BED394D9A7DD}.Release|Any CPU.Build.0 = Release|Any CPU
		{95B70AAB-FB0D-4802-A1A1-8BCFA559D06C}.Debug|Any CPU.ActiveCfg = Debug|Any CPU
		{95B70AAB-FB0D-4802-A1A1-8BCFA559D06C}.Debug|Any CPU.Build.0 = Debug|Any CPU
		{95B70AAB-FB0D-4802-A1A1-8BCFA559D06C}.Release|Any CPU.ActiveCfg = Release|Any CPU
		{95B70AAB-FB0D-4802-A1A1-8BCFA559D06C}.Release|Any CPU.Build.0 = Release|Any CPU
		{B84DE394-AC5E-4649-8FCF-EC4952BC5550}.Debug|Any CPU.ActiveCfg = Debug|Any CPU
		{B84DE394-AC5E-4649-8FCF-EC4952BC5550}.Debug|Any CPU.Build.0 = Debug|Any CPU
		{B84DE394-AC5E-4649-8FCF-EC4952BC5550}.Release|Any CPU.ActiveCfg = Release|Any CPU
		{B84DE394-AC5E-4649-8FCF-EC4952BC5550}.Release|Any CPU.Build.0 = Release|Any CPU
		{C38CBBAD-4B63-429C-A1AD-63DCE57911EE}.Debug|Any CPU.ActiveCfg = Debug|Any CPU
		{C38CBBAD-4B63-429C-A1AD-63DCE57911EE}.Debug|Any CPU.Build.0 = Debug|Any CPU
		{C38CBBAD-4B63-429C-A1AD-63DCE57911EE}.Release|Any CPU.ActiveCfg = Release|Any CPU
		{C38CBBAD-4B63-429C-A1AD-63DCE57911EE}.Release|Any CPU.Build.0 = Release|Any CPU
		{B2D25AA2-E1D6-42B3-9809-FDFB2B5BBF98}.Debug|Any CPU.ActiveCfg = Debug|Any CPU
		{B2D25AA2-E1D6-42B3-9809-FDFB2B5BBF98}.Debug|Any CPU.Build.0 = Debug|Any CPU
		{B2D25AA2-E1D6-42B3-9809-FDFB2B5BBF98}.Release|Any CPU.ActiveCfg = Release|Any CPU
		{B2D25AA2-E1D6-42B3-9809-FDFB2B5BBF98}.Release|Any CPU.Build.0 = Release|Any CPU
		{591540B6-CEBC-4D60-BA7C-D0B7F92A5320}.Debug|Any CPU.ActiveCfg = Debug|Any CPU
		{591540B6-CEBC-4D60-BA7C-D0B7F92A5320}.Debug|Any CPU.Build.0 = Debug|Any CPU
		{591540B6-CEBC-4D60-BA7C-D0B7F92A5320}.Release|Any CPU.ActiveCfg = Release|Any CPU
		{591540B6-CEBC-4D60-BA7C-D0B7F92A5320}.Release|Any CPU.Build.0 = Release|Any CPU
	EndGlobalSection
	GlobalSection(SolutionProperties) = preSolution
		HideSolutionNode = FALSE
	EndGlobalSection
	GlobalSection(ExtensibilityGlobals) = postSolution
		SolutionGuid = {2871676E-54CF-4CD2-902E-0FD36598513F}
	EndGlobalSection
EndGlobal
